
Microsoft Visual Studio Solution File, Format Version 12.00
# Visual Studio 14
VisualStudioVersion = 14.0.25420.1
MinimumVisualStudioVersion = 10.0.40219.1
Project("{FAE04EC0-301F-11D3-BF4B-00C04F79EFBC}") = "khwab", "khwab\khwab.csproj", "{37358585-982D-4656-BE11-33290161333D}"
EndProject
Project("{FAE04EC0-301F-11D3-BF4B-00C04F79EFBC}") = "dataget", "dataget\dataget.csproj", "{CD8FAFA0-63E7-483D-8EDE-E356CF2849B3}"
EndProject
Global
	GlobalSection(SolutionConfigurationPlatforms) = preSolution
		Debug|Any CPU = Debug|Any CPU
		Release|Any CPU = Release|Any CPU
	EndGlobalSection
	GlobalSection(ProjectConfigurationPlatforms) = postSolution
		{37358585-982D-4656-BE11-33290161333D}.Debug|Any CPU.ActiveCfg = Debug|Any CPU
		{37358585-982D-4656-BE11-33290161333D}.Debug|Any CPU.Build.0 = Debug|Any CPU
		{37358585-982D-4656-BE11-33290161333D}.Release|Any CPU.ActiveCfg = Release|Any CPU
		{37358585-982D-4656-BE11-33290161333D}.Release|Any CPU.Build.0 = Release|Any CPU
		{CD8FAFA0-63E7-483D-8EDE-E356CF2849B3}.Debug|Any CPU.ActiveCfg = Debug|Any CPU
		{CD8FAFA0-63E7-483D-8EDE-E356CF2849B3}.Debug|Any CPU.Build.0 = Debug|Any CPU
		{CD8FAFA0-63E7-483D-8EDE-E356CF2849B3}.Release|Any CPU.ActiveCfg = Release|Any CPU
		{CD8FAFA0-63E7-483D-8EDE-E356CF2849B3}.Release|Any CPU.Build.0 = Release|Any CPU
	EndGlobalSection
	GlobalSection(SolutionProperties) = preSolution
		HideSolutionNode = FALSE
	EndGlobalSection
EndGlobal
